// !$*UTF8*$!
{
	archiveVersion = 1;
	classes = {
	};
	objectVersion = 46;
	objects = {

/* Begin PBXBuildFile section */
		7F5A07061A8E373F00A38E21 /* AppDelegate.swift in Sources */ = {isa = PBXBuildFile; fileRef = 7F5A07051A8E373F00A38E21 /* AppDelegate.swift */; };
		7F5A070B1A8E373F00A38E21 /* Main.storyboard in Resources */ = {isa = PBXBuildFile; fileRef = 7F5A07091A8E373F00A38E21 /* Main.storyboard */; };
		7F5A070D1A8E373F00A38E21 /* Images.xcassets in Resources */ = {isa = PBXBuildFile; fileRef = 7F5A070C1A8E373F00A38E21 /* Images.xcassets */; };
		7F5A07101A8E373F00A38E21 /* LaunchScreen.xib in Resources */ = {isa = PBXBuildFile; fileRef = 7F5A070E1A8E373F00A38E21 /* LaunchScreen.xib */; };
		7F5A07261A8E37AD00A38E21 /* CollectionViewCell.swift in Sources */ = {isa = PBXBuildFile; fileRef = 7F5A07251A8E37AD00A38E21 /* CollectionViewCell.swift */; };
		7F5A07281A8E37DA00A38E21 /* CollectionViewLayout.swift in Sources */ = {isa = PBXBuildFile; fileRef = 7F5A07271A8E37DA00A38E21 /* CollectionViewLayout.swift */; };
		7F5A072A1A8E37E800A38E21 /* CollectionViewController.swift in Sources */ = {isa = PBXBuildFile; fileRef = 7F5A07291A8E37E800A38E21 /* CollectionViewController.swift */; };
/* End PBXBuildFile section */

/* Begin PBXFileReference section */
		7F5A07001A8E373F00A38E21 /* Adaptive.app */ = {isa = PBXFileReference; explicitFileType = wrapper.application; includeInIndex = 0; path = Adaptive.app; sourceTree = BUILT_PRODUCTS_DIR; };
		7F5A07041A8E373F00A38E21 /* Info.plist */ = {isa = PBXFileReference; lastKnownFileType = text.plist.xml; path = Info.plist; sourceTree = "<group>"; };
		7F5A07051A8E373F00A38E21 /* AppDelegate.swift */ = {isa = PBXFileReference; lastKnownFileType = sourcecode.swift; path = AppDelegate.swift; sourceTree = "<group>"; };
		7F5A070A1A8E373F00A38E21 /* Base */ = {isa = PBXFileReference; lastKnownFileType = file.storyboard; name = Base; path = Base.lproj/Main.storyboard; sourceTree = "<group>"; };
		7F5A070C1A8E373F00A38E21 /* Images.xcassets */ = {isa = PBXFileReference; lastKnownFileType = folder.assetcatalog; path = Images.xcassets; sourceTree = "<group>"; };
		7F5A070F1A8E373F00A38E21 /* Base */ = {isa = PBXFileReference; lastKnownFileType = file.xib; name = Base; path = Base.lproj/LaunchScreen.xib; sourceTree = "<group>"; };
		7F5A07251A8E37AD00A38E21 /* CollectionViewCell.swift */ = {isa = PBXFileReference; fileEncoding = 4; lastKnownFileType = sourcecode.swift; path = CollectionViewCell.swift; sourceTree = "<group>"; };
		7F5A07271A8E37DA00A38E21 /* CollectionViewLayout.swift */ = {isa = PBXFileReference; fileEncoding = 4; lastKnownFileType = sourcecode.swift; path = CollectionViewLayout.swift; sourceTree = "<group>"; };
		7F5A07291A8E37E800A38E21 /* CollectionViewController.swift */ = {isa = PBXFileReference; fileEncoding = 4; lastKnownFileType = sourcecode.swift; path = CollectionViewController.swift; sourceTree = "<group>"; };
/* End PBXFileReference section */

/* Begin PBXFrameworksBuildPhase section */
		7F5A06FD1A8E373F00A38E21 /* Frameworks */ = {
			isa = PBXFrameworksBuildPhase;
			buildActionMask = 2147483647;
			files = (
			);
			runOnlyForDeploymentPostprocessing = 0;
		};
/* End PBXFrameworksBuildPhase section */

/* Begin PBXGroup section */
		7F5A06F71A8E373F00A38E21 = {
			isa = PBXGroup;
			children = (
				7F5A07021A8E373F00A38E21 /* Adaptive */,
				7F5A07011A8E373F00A38E21 /* Products */,
			);
			sourceTree = "<group>";
		};
		7F5A07011A8E373F00A38E21 /* Products */ = {
			isa = PBXGroup;
			children = (
				7F5A07001A8E373F00A38E21 /* Adaptive.app */,
			);
			name = Products;
			sourceTree = "<group>";
		};
		7F5A07021A8E373F00A38E21 /* Adaptive */ = {
			isa = PBXGroup;
			children = (
				7F5A07051A8E373F00A38E21 /* AppDelegate.swift */,
				7F5A07291A8E37E800A38E21 /* CollectionViewController.swift */,
				7F5A07271A8E37DA00A38E21 /* CollectionViewLayout.swift */,
				7F5A07251A8E37AD00A38E21 /* CollectionViewCell.swift */,
				7F5A07091A8E373F00A38E21 /* Main.storyboard */,
				7F5A070E1A8E373F00A38E21 /* LaunchScreen.xib */,
				7F5A070C1A8E373F00A38E21 /* Images.xcassets */,
				7F5A07031A8E373F00A38E21 /* Supporting Files */,
			);
			path = Adaptive;
			sourceTree = "<group>";
		};
		7F5A07031A8E373F00A38E21 /* Supporting Files */ = {
			isa = PBXGroup;
			children = (
				7F5A07041A8E373F00A38E21 /* Info.plist */,
			);
			name = "Supporting Files";
			sourceTree = "<group>";
		};
/* End PBXGroup section */

/* Begin PBXNativeTarget section */
		7F5A06FF1A8E373F00A38E21 /* Adaptive */ = {
			isa = PBXNativeTarget;
			buildConfigurationList = 7F5A071F1A8E373F00A38E21 /* Build configuration list for PBXNativeTarget "Adaptive" */;
			buildPhases = (
				7F5A06FC1A8E373F00A38E21 /* Sources */,
				7F5A06FD1A8E373F00A38E21 /* Frameworks */,
				7F5A06FE1A8E373F00A38E21 /* Resources */,
			);
			buildRules = (
			);
			dependencies = (
			);
			name = Adaptive;
			productName = Adaptive;
			productReference = 7F5A07001A8E373F00A38E21 /* Adaptive.app */;
			productType = "com.apple.product-type.application";
		};
/* End PBXNativeTarget section */

/* Begin PBXProject section */
		7F5A06F81A8E373F00A38E21 /* Project object */ = {
			isa = PBXProject;
			attributes = {
				LastUpgradeCheck = 0630;
				ORGANIZATIONNAME = "Yosuke Ishikawa";
				TargetAttributes = {
					7F5A06FF1A8E373F00A38E21 = {
						CreatedOnToolsVersion = 6.3;
					};
				};
			};
			buildConfigurationList = 7F5A06FB1A8E373F00A38E21 /* Build configuration list for PBXProject "Adaptive" */;
			compatibilityVersion = "Xcode 3.2";
			developmentRegion = English;
			hasScannedForEncodings = 0;
			knownRegions = (
				en,
				Base,
			);
			mainGroup = 7F5A06F71A8E373F00A38E21;
			productRefGroup = 7F5A07011A8E373F00A38E21 /* Products */;
			projectDirPath = "";
			projectRoot = "";
			targets = (
				7F5A06FF1A8E373F00A38E21 /* Adaptive */,
			);
		};
/* End PBXProject section */

/* Begin PBXResourcesBuildPhase section */
		7F5A06FE1A8E373F00A38E21 /* Resources */ = {
			isa = PBXResourcesBuildPhase;
			buildActionMask = 2147483647;
			files = (
				7F5A070B1A8E373F00A38E21 /* Main.storyboard in Resources */,
				7F5A07101A8E373F00A38E21 /* LaunchScreen.xib in Resources */,
				7F5A070D1A8E373F00A38E21 /* Images.xcassets in Resources */,
			);
			runOnlyForDeploymentPostprocessing = 0;
		};
/* End PBXResourcesBuildPhase section */

/* Begin PBXSourcesBuildPhase section */
		7F5A06FC1A8E373F00A38E21 /* Sources */ = {
			isa = PBXSourcesBuildPhase;
			buildActionMask = 2147483647;
			files = (
				7F5A072A1A8E37E800A38E21 /* CollectionViewController.swift in Sources */,
				7F5A07281A8E37DA00A38E21 /* CollectionViewLayout.swift in Sources */,
				7F5A07261A8E37AD00A38E21 /* CollectionViewCell.swift in Sources */,
				7F5A07061A8E373F00A38E21 /* AppDelegate.swift in Sources */,
			);
			runOnlyForDeploymentPostprocessing = 0;
		};
/* End PBXSourcesBuildPhase section */

/* Begin PBXVariantGroup section */
		7F5A07091A8E373F00A38E21 /* Main.storyboard */ = {
			isa = PBXVariantGroup;
			children = (
				7F5A070A1A8E373F00A38E21 /* Base */,
			);
			name = Main.storyboard;
			sourceTree = "<group>";
		};
		7F5A070E1A8E373F00A38E21 /* LaunchScreen.xib */ = {
			isa = PBXVariantGroup;
			children = (
				7F5A070F1A8E373F00A38E21 /* Base */,
			);
			name = LaunchScreen.xib;
			sourceTree = "<group>";
		};
/* End PBXVariantGroup section */

/* Begin XCBuildConfiguration section */
		7F5A071D1A8E373F00A38E21 /* Debug */ = {
			isa = XCBuildConfiguration;
			buildSettings = {
				ALWAYS_SEARCH_USER_PATHS = NO;
				CLANG_CXX_LANGUAGE_STANDARD = "gnu++0x";
				CLANG_CXX_LIBRARY = "libc++";
				CLANG_ENABLE_MODULES = YES;
				CLANG_ENABLE_OBJC_ARC = YES;
				CLANG_WARN_BOOL_CONVERSION = YES;
				CLANG_WARN_CONSTANT_CONVERSION = YES;
				CLANG_WARN_DIRECT_OBJC_ISA_USAGE = YES_ERROR;
				CLANG_WARN_EMPTY_BODY = YES;
				CLANG_WARN_ENUM_CONVERSION = YES;
				CLANG_WARN_INT_CONVERSION = YES;
				CLANG_WARN_OBJC_ROOT_CLASS = YES_ERROR;
				CLANG_WARN_UNREACHABLE_CODE = YES;
				CLANG_WARN__DUPLICATE_METHOD_MATCH = YES;
				"CODE_SIGN_IDENTITY[sdk=iphoneos*]" = "iPhone Developer";
				COPY_PHASE_STRIP = NO;
				DEBUG_INFORMATION_FORMAT = dwarf;
				ENABLE_STRICT_OBJC_MSGSEND = YES;
				GCC_C_LANGUAGE_STANDARD = gnu99;
				GCC_DYNAMIC_NO_PIC = NO;
				GCC_OPTIMIZATION_LEVEL = 0;
				GCC_PREPROCESSOR_DEFINITIONS = (
					"DEBUG=1",
					"$(inherited)",
				);
				GCC_SYMBOLS_PRIVATE_EXTERN = NO;
				GCC_WARN_64_TO_32_BIT_CONVERSION = YES;
				GCC_WARN_ABOUT_RETURN_TYPE = YES_ERROR;
				GCC_WARN_UNDECLARED_SELECTOR = YES;
				GCC_WARN_UNINITIALIZED_AUTOS = YES_AGGRESSIVE;
				GCC_WARN_UNUSED_FUNCTION = YES;
				GCC_WARN_UNUSED_VARIABLE = YES;
				IPHONEOS_DEPLOYMENT_TARGET = 8.1;
				MTL_ENABLE_DEBUG_INFO = YES;
				ONLY_ACTIVE_ARCH = YES;
				SDKROOT = iphoneos;
				SWIFT_OPTIMIZATION_LEVEL = "-Onone";
				TARGETED_DEVICE_FAMILY = "1,2";
			};
			name = Debug;
		};
		7F5A071E1A8E373F00A38E21 /* Release */ = {
			isa = XCBuildConfiguration;
			buildSettings = {
				ALWAYS_SEARCH_USER_PATHS = NO;
				CLANG_CXX_LANGUAGE_STANDARD = "gnu++0x";
				CLANG_CXX_LIBRARY = "libc++";
				CLANG_ENABLE_MODULES = YES;
				CLANG_ENABLE_OBJC_ARC = YES;
				CLANG_WARN_BOOL_CONVERSION = YES;
				CLANG_WARN_CONSTANT_CONVERSION = YES;
				CLANG_WARN_DIRECT_OBJC_ISA_USAGE = YES_ERROR;
				CLANG_WARN_EMPTY_BODY = YES;
				CLANG_WARN_ENUM_CONVERSION = YES;
				CLANG_WARN_INT_CONVERSION = YES;
				CLANG_WARN_OBJC_ROOT_CLASS = YES_ERROR;
				CLANG_WARN_UNREACHABLE_CODE = YES;
				CLANG_WARN__DUPLICATE_METHOD_MATCH = YES;
				"CODE_SIGN_IDENTITY[sdk=iphoneos*]" = "iPhone Developer";
				COPY_PHASE_STRIP = NO;
				DEBUG_INFORMATION_FORMAT = "dwarf-with-dsym";
				ENABLE_NS_ASSERTIONS = NO;
				ENABLE_STRICT_OBJC_MSGSEND = YES;
				GCC_C_LANGUAGE_STANDARD = gnu99;
				GCC_WARN_64_TO_32_BIT_CONVERSION = YES;
				GCC_WARN_ABOUT_RETURN_TYPE = YES_ERROR;
				GCC_WARN_UNDECLARED_SELECTOR = YES;
				GCC_WARN_UNINITIALIZED_AUTOS = YES_AGGRESSIVE;
				GCC_WARN_UNUSED_FUNCTION = YES;
				GCC_WARN_UNUSED_VARIABLE = YES;
				IPHONEOS_DEPLOYMENT_TARGET = 8.1;
				MTL_ENABLE_DEBUG_INFO = NO;
				SDKROOT = iphoneos;
				TARGETED_DEVICE_FAMILY = "1,2";
				VALIDATE_PRODUCT = YES;
			};
			name = Release;
		};
		7F5A07201A8E373F00A38E21 /* Debug */ = {
			isa = XCBuildConfiguration;
			buildSettings = {
				ASSETCATALOG_COMPILER_APPICON_NAME = AppIcon;
				INFOPLIST_FILE = Adaptive/Info.plist;
				LD_RUNPATH_SEARCH_PATHS = "$(inherited) @executable_path/Frameworks";
				PRODUCT_NAME = "$(TARGET_NAME)";
			};
			name = Debug;
		};
		7F5A07211A8E373F00A38E21 /* Release */ = {
			isa = XCBuildConfiguration;
			buildSettings = {
				ASSETCATALOG_COMPILER_APPICON_NAME = AppIcon;
				INFOPLIST_FILE = Adaptive/Info.plist;
				LD_RUNPATH_SEARCH_PATHS = "$(inherited) @executable_path/Frameworks";
				PRODUCT_NAME = "$(TARGET_NAME)";
			};
			name = Release;
		};
/* End XCBuildConfiguration section */

/* Begin XCConfigurationList section */
		7F5A06FB1A8E373F00A38E21 /* Build configuration list for PBXProject "Adaptive" */ = {
			isa = XCConfigurationList;
			buildConfigurations = (
				7F5A071D1A8E373F00A38E21 /* Debug */,
				7F5A071E1A8E373F00A38E21 /* Release */,
			);
			defaultConfigurationIsVisible = 0;
			defaultConfigurationName = Release;
		};
		7F5A071F1A8E373F00A38E21 /* Build configuration list for PBXNativeTarget "Adaptive" */ = {
			isa = XCConfigurationList;
			buildConfigurations = (
				7F5A07201A8E373F00A38E21 /* Debug */,
				7F5A07211A8E373F00A38E21 /* Release */,
			);
			defaultConfigurationIsVisible = 0;
			defaultConfigurationName = Release;
		};
/* End XCConfigurationList section */
	};
	rootObject = 7F5A06F81A8E373F00A38E21 /* Project object */;
}
