// !$*UTF8*$!
{
	archiveVersion = 1;
	classes = {
	};
	objectVersion = 46;
	objects = {

/* Begin PBXBuildFile section */
		7FF158031A923355009C5AF8 /* AppDelegate.swift in Sources */ = {isa = PBXBuildFile; fileRef = 7FF158021A923355009C5AF8 /* AppDelegate.swift */; };
		7FF158051A923355009C5AF8 /* ViewController.swift in Sources */ = {isa = PBXBuildFile; fileRef = 7FF158041A923355009C5AF8 /* ViewController.swift */; };
		7FF158081A923355009C5AF8 /* Main.storyboard in Resources */ = {isa = PBXBuildFile; fileRef = 7FF158061A923355009C5AF8 /* Main.storyboard */; };
		7FF1580A1A923355009C5AF8 /* Images.xcassets in Resources */ = {isa = PBXBuildFile; fileRef = 7FF158091A923355009C5AF8 /* Images.xcassets */; };
		7FF1580D1A923355009C5AF8 /* LaunchScreen.xib in Resources */ = {isa = PBXBuildFile; fileRef = 7FF1580B1A923355009C5AF8 /* LaunchScreen.xib */; };
		7FF158241A9233AF009C5AF8 /* Message.swift in Sources */ = {isa = PBXBuildFile; fileRef = 7FF158221A9233AF009C5AF8 /* Message.swift */; };
		7FF158251A9233AF009C5AF8 /* GitHub.swift in Sources */ = {isa = PBXBuildFile; fileRef = 7FF158231A9233AF009C5AF8 /* GitHub.swift */; };
/* End PBXBuildFile section */

/* Begin PBXFileReference section */
		7FF157FD1A923355009C5AF8 /* WebAPI.app */ = {isa = PBXFileReference; explicitFileType = wrapper.application; includeInIndex = 0; path = WebAPI.app; sourceTree = BUILT_PRODUCTS_DIR; };
		7FF158011A923355009C5AF8 /* Info.plist */ = {isa = PBXFileReference; lastKnownFileType = text.plist.xml; path = Info.plist; sourceTree = "<group>"; };
		7FF158021A923355009C5AF8 /* AppDelegate.swift */ = {isa = PBXFileReference; lastKnownFileType = sourcecode.swift; path = AppDelegate.swift; sourceTree = "<group>"; };
		7FF158041A923355009C5AF8 /* ViewController.swift */ = {isa = PBXFileReference; lastKnownFileType = sourcecode.swift; path = ViewController.swift; sourceTree = "<group>"; };
		7FF158071A923355009C5AF8 /* Base */ = {isa = PBXFileReference; lastKnownFileType = file.storyboard; name = Base; path = Base.lproj/Main.storyboard; sourceTree = "<group>"; };
		7FF158091A923355009C5AF8 /* Images.xcassets */ = {isa = PBXFileReference; lastKnownFileType = folder.assetcatalog; path = Images.xcassets; sourceTree = "<group>"; };
		7FF1580C1A923355009C5AF8 /* Base */ = {isa = PBXFileReference; lastKnownFileType = file.xib; name = Base; path = Base.lproj/LaunchScreen.xib; sourceTree = "<group>"; };
		7FF158221A9233AF009C5AF8 /* Message.swift */ = {isa = PBXFileReference; fileEncoding = 4; lastKnownFileType = sourcecode.swift; path = Message.swift; sourceTree = "<group>"; };
		7FF158231A9233AF009C5AF8 /* GitHub.swift */ = {isa = PBXFileReference; fileEncoding = 4; lastKnownFileType = sourcecode.swift; path = GitHub.swift; sourceTree = "<group>"; };
/* End PBXFileReference section */

/* Begin PBXFrameworksBuildPhase section */
		7FF157FA1A923355009C5AF8 /* Frameworks */ = {
			isa = PBXFrameworksBuildPhase;
			buildActionMask = 2147483647;
			files = (
			);
			runOnlyForDeploymentPostprocessing = 0;
		};
/* End PBXFrameworksBuildPhase section */

/* Begin PBXGroup section */
		7FF157F41A923355009C5AF8 = {
			isa = PBXGroup;
			children = (
				7FF157FF1A923355009C5AF8 /* WebAPI */,
				7FF157FE1A923355009C5AF8 /* Products */,
			);
			sourceTree = "<group>";
		};
		7FF157FE1A923355009C5AF8 /* Products */ = {
			isa = PBXGroup;
			children = (
				7FF157FD1A923355009C5AF8 /* WebAPI.app */,
			);
			name = Products;
			sourceTree = "<group>";
		};
		7FF157FF1A923355009C5AF8 /* WebAPI */ = {
			isa = PBXGroup;
			children = (
				7FF158021A923355009C5AF8 /* AppDelegate.swift */,
				7FF158041A923355009C5AF8 /* ViewController.swift */,
				7FF158231A9233AF009C5AF8 /* GitHub.swift */,
				7FF158221A9233AF009C5AF8 /* Message.swift */,
				7FF158061A923355009C5AF8 /* Main.storyboard */,
				7FF1580B1A923355009C5AF8 /* LaunchScreen.xib */,
				7FF158091A923355009C5AF8 /* Images.xcassets */,
				7FF158001A923355009C5AF8 /* Supporting Files */,
			);
			path = WebAPI;
			sourceTree = "<group>";
		};
		7FF158001A923355009C5AF8 /* Supporting Files */ = {
			isa = PBXGroup;
			children = (
				7FF158011A923355009C5AF8 /* Info.plist */,
			);
			name = "Supporting Files";
			sourceTree = "<group>";
		};
/* End PBXGroup section */

/* Begin PBXNativeTarget section */
		7FF157FC1A923355009C5AF8 /* WebAPI */ = {
			isa = PBXNativeTarget;
			buildConfigurationList = 7FF1581C1A923355009C5AF8 /* Build configuration list for PBXNativeTarget "WebAPI" */;
			buildPhases = (
				7FF157F91A923355009C5AF8 /* Sources */,
				7FF157FA1A923355009C5AF8 /* Frameworks */,
				7FF157FB1A923355009C5AF8 /* Resources */,
			);
			buildRules = (
			);
			dependencies = (
			);
			name = WebAPI;
			productName = WebAPI;
			productReference = 7FF157FD1A923355009C5AF8 /* WebAPI.app */;
			productType = "com.apple.product-type.application";
		};
/* End PBXNativeTarget section */

/* Begin PBXProject section */
		7FF157F51A923355009C5AF8 /* Project object */ = {
			isa = PBXProject;
			attributes = {
				LastUpgradeCheck = 0630;
				ORGANIZATIONNAME = "Yosuke Ishikawa";
				TargetAttributes = {
					7FF157FC1A923355009C5AF8 = {
						CreatedOnToolsVersion = 6.3;
					};
				};
			};
			buildConfigurationList = 7FF157F81A923355009C5AF8 /* Build configuration list for PBXProject "WebAPI" */;
			compatibilityVersion = "Xcode 3.2";
			developmentRegion = English;
			hasScannedForEncodings = 0;
			knownRegions = (
				en,
				Base,
			);
			mainGroup = 7FF157F41A923355009C5AF8;
			productRefGroup = 7FF157FE1A923355009C5AF8 /* Products */;
			projectDirPath = "";
			projectRoot = "";
			targets = (
				7FF157FC1A923355009C5AF8 /* WebAPI */,
			);
		};
/* End PBXProject section */

/* Begin PBXResourcesBuildPhase section */
		7FF157FB1A923355009C5AF8 /* Resources */ = {
			isa = PBXResourcesBuildPhase;
			buildActionMask = 2147483647;
			files = (
				7FF158081A923355009C5AF8 /* Main.storyboard in Resources */,
				7FF1580D1A923355009C5AF8 /* LaunchScreen.xib in Resources */,
				7FF1580A1A923355009C5AF8 /* Images.xcassets in Resources */,
			);
			runOnlyForDeploymentPostprocessing = 0;
		};
/* End PBXResourcesBuildPhase section */

/* Begin PBXSourcesBuildPhase section */
		7FF157F91A923355009C5AF8 /* Sources */ = {
			isa = PBXSourcesBuildPhase;
			buildActionMask = 2147483647;
			files = (
				7FF158241A9233AF009C5AF8 /* Message.swift in Sources */,
				7FF158051A923355009C5AF8 /* ViewController.swift in Sources */,
				7FF158031A923355009C5AF8 /* AppDelegate.swift in Sources */,
				7FF158251A9233AF009C5AF8 /* GitHub.swift in Sources */,
			);
			runOnlyForDeploymentPostprocessing = 0;
		};
/* End PBXSourcesBuildPhase section */

/* Begin PBXVariantGroup section */
		7FF158061A923355009C5AF8 /* Main.storyboard */ = {
			isa = PBXVariantGroup;
			children = (
				7FF158071A923355009C5AF8 /* Base */,
			);
			name = Main.storyboard;
			sourceTree = "<group>";
		};
		7FF1580B1A923355009C5AF8 /* LaunchScreen.xib */ = {
			isa = PBXVariantGroup;
			children = (
				7FF1580C1A923355009C5AF8 /* Base */,
			);
			name = LaunchScreen.xib;
			sourceTree = "<group>";
		};
/* End PBXVariantGroup section */

/* Begin XCBuildConfiguration section */
		7FF1581A1A923355009C5AF8 /* Debug */ = {
			isa = XCBuildConfiguration;
			buildSettings = {
				ALWAYS_SEARCH_USER_PATHS = NO;
				CLANG_CXX_LANGUAGE_STANDARD = "gnu++0x";
				CLANG_CXX_LIBRARY = "libc++";
				CLANG_ENABLE_MODULES = YES;
				CLANG_ENABLE_OBJC_ARC = YES;
				CLANG_WARN_BOOL_CONVERSION = YES;
				CLANG_WARN_CONSTANT_CONVERSION = YES;
				CLANG_WARN_DIRECT_OBJC_ISA_USAGE = YES_ERROR;
				CLANG_WARN_EMPTY_BODY = YES;
				CLANG_WARN_ENUM_CONVERSION = YES;
				CLANG_WARN_INT_CONVERSION = YES;
				CLANG_WARN_OBJC_ROOT_CLASS = YES_ERROR;
				CLANG_WARN_UNREACHABLE_CODE = YES;
				CLANG_WARN__DUPLICATE_METHOD_MATCH = YES;
				"CODE_SIGN_IDENTITY[sdk=iphoneos*]" = "iPhone Developer";
				COPY_PHASE_STRIP = NO;
				DEBUG_INFORMATION_FORMAT = dwarf;
				ENABLE_STRICT_OBJC_MSGSEND = YES;
				GCC_C_LANGUAGE_STANDARD = gnu99;
				GCC_DYNAMIC_NO_PIC = NO;
				GCC_OPTIMIZATION_LEVEL = 0;
				GCC_PREPROCESSOR_DEFINITIONS = (
					"DEBUG=1",
					"$(inherited)",
				);
				GCC_SYMBOLS_PRIVATE_EXTERN = NO;
				GCC_WARN_64_TO_32_BIT_CONVERSION = YES;
				GCC_WARN_ABOUT_RETURN_TYPE = YES_ERROR;
				GCC_WARN_UNDECLARED_SELECTOR = YES;
				GCC_WARN_UNINITIALIZED_AUTOS = YES_AGGRESSIVE;
				GCC_WARN_UNUSED_FUNCTION = YES;
				GCC_WARN_UNUSED_VARIABLE = YES;
				IPHONEOS_DEPLOYMENT_TARGET = 8.1;
				MTL_ENABLE_DEBUG_INFO = YES;
				ONLY_ACTIVE_ARCH = YES;
				SDKROOT = iphoneos;
				SWIFT_OPTIMIZATION_LEVEL = "-Onone";
				TARGETED_DEVICE_FAMILY = "1,2";
			};
			name = Debug;
		};
		7FF1581B1A923355009C5AF8 /* Release */ = {
			isa = XCBuildConfiguration;
			buildSettings = {
				ALWAYS_SEARCH_USER_PATHS = NO;
				CLANG_CXX_LANGUAGE_STANDARD = "gnu++0x";
				CLANG_CXX_LIBRARY = "libc++";
				CLANG_ENABLE_MODULES = YES;
				CLANG_ENABLE_OBJC_ARC = YES;
				CLANG_WARN_BOOL_CONVERSION = YES;
				CLANG_WARN_CONSTANT_CONVERSION = YES;
				CLANG_WARN_DIRECT_OBJC_ISA_USAGE = YES_ERROR;
				CLANG_WARN_EMPTY_BODY = YES;
				CLANG_WARN_ENUM_CONVERSION = YES;
				CLANG_WARN_INT_CONVERSION = YES;
				CLANG_WARN_OBJC_ROOT_CLASS = YES_ERROR;
				CLANG_WARN_UNREACHABLE_CODE = YES;
				CLANG_WARN__DUPLICATE_METHOD_MATCH = YES;
				"CODE_SIGN_IDENTITY[sdk=iphoneos*]" = "iPhone Developer";
				COPY_PHASE_STRIP = NO;
				DEBUG_INFORMATION_FORMAT = "dwarf-with-dsym";
				ENABLE_NS_ASSERTIONS = NO;
				ENABLE_STRICT_OBJC_MSGSEND = YES;
				GCC_C_LANGUAGE_STANDARD = gnu99;
				GCC_WARN_64_TO_32_BIT_CONVERSION = YES;
				GCC_WARN_ABOUT_RETURN_TYPE = YES_ERROR;
				GCC_WARN_UNDECLARED_SELECTOR = YES;
				GCC_WARN_UNINITIALIZED_AUTOS = YES_AGGRESSIVE;
				GCC_WARN_UNUSED_FUNCTION = YES;
				GCC_WARN_UNUSED_VARIABLE = YES;
				IPHONEOS_DEPLOYMENT_TARGET = 8.1;
				MTL_ENABLE_DEBUG_INFO = NO;
				SDKROOT = iphoneos;
				TARGETED_DEVICE_FAMILY = "1,2";
				VALIDATE_PRODUCT = YES;
			};
			name = Release;
		};
		7FF1581D1A923355009C5AF8 /* Debug */ = {
			isa = XCBuildConfiguration;
			buildSettings = {
				ASSETCATALOG_COMPILER_APPICON_NAME = AppIcon;
				INFOPLIST_FILE = WebAPI/Info.plist;
				LD_RUNPATH_SEARCH_PATHS = "$(inherited) @executable_path/Frameworks";
				PRODUCT_NAME = "$(TARGET_NAME)";
			};
			name = Debug;
		};
		7FF1581E1A923355009C5AF8 /* Release */ = {
			isa = XCBuildConfiguration;
			buildSettings = {
				ASSETCATALOG_COMPILER_APPICON_NAME = AppIcon;
				INFOPLIST_FILE = WebAPI/Info.plist;
				LD_RUNPATH_SEARCH_PATHS = "$(inherited) @executable_path/Frameworks";
				PRODUCT_NAME = "$(TARGET_NAME)";
			};
			name = Release;
		};
/* End XCBuildConfiguration section */

/* Begin XCConfigurationList section */
		7FF157F81A923355009C5AF8 /* Build configuration list for PBXProject "WebAPI" */ = {
			isa = XCConfigurationList;
			buildConfigurations = (
				7FF1581A1A923355009C5AF8 /* Debug */,
				7FF1581B1A923355009C5AF8 /* Release */,
			);
			defaultConfigurationIsVisible = 0;
			defaultConfigurationName = Release;
		};
		7FF1581C1A923355009C5AF8 /* Build configuration list for PBXNativeTarget "WebAPI" */ = {
			isa = XCConfigurationList;
			buildConfigurations = (
				7FF1581D1A923355009C5AF8 /* Debug */,
				7FF1581E1A923355009C5AF8 /* Release */,
			);
			defaultConfigurationIsVisible = 0;
			defaultConfigurationName = Release;
		};
/* End XCConfigurationList section */
	};
	rootObject = 7FF157F51A923355009C5AF8 /* Project object */;
}
